PODS:
  - AudioKit (4.5.0):
    - AudioKit/Core (= 4.5.0)
    - AudioKit/UI (= 4.5.0)
  - AudioKit/Core (4.5.0)
  - AudioKit/UI (4.5.0):
    - AudioKit/Core
  - PureLayout (3.1.2)

DEPENDENCIES:
  - AudioKit
  - PureLayout

SPEC REPOS:
  https://github.com/cocoapods/specs.git:
    - AudioKit
    - PureLayout

SPEC CHECKSUMS:
  AudioKit: 38345036d4a71df2b61233fc919c459a14e8911b
  PureLayout: 4634d0b61e3b5021166e8ec7c18e9e0ca0720c8b

PODFILE CHECKSUM: 04e99af39419762c47ae77cae14932c46598a0c3

COCOAPODS: 1.5.3
