// !$*UTF8*$!
{
	archiveVersion = 1;
	classes = {
	};
	objectVersion = 50;
	objects = {

/* Begin PBXBuildFile section */
		2885E092FA93704755902488 /* Pods_Abbey_Road.framework in Frameworks */ = {isa = PBXBuildFile; fileRef = 6392E2B5E8DA7B95CBD1B56A /* Pods_Abbey_Road.framework */; };
		F8A0CB6431FE6F174A3A6ED7 /* Pods_Abbey_Road_Host.framework in Frameworks */ = {isa = PBXBuildFile; fileRef = 4CEEC61AE0EBB037B3654E03 /* Pods_Abbey_Road_Host.framework */; };
		FA443D3F21972ECE00297B58 /* AppDelegate.swift in Sources */ = {isa = PBXBuildFile; fileRef = FA443D3E21972ECE00297B58 /* AppDelegate.swift */; };
		FA443D4121972ECE00297B58 /* art.scnassets in Resources */ = {isa = PBXBuildFile; fileRef = FA443D4021972ECE00297B58 /* art.scnassets */; };
		FA443D4321972ECE00297B58 /* ViewController.swift in Sources */ = {isa = PBXBuildFile; fileRef = FA443D4221972ECE00297B58 /* ViewController.swift */; };
		FA443D4621972ECE00297B58 /* Main.storyboard in Resources */ = {isa = PBXBuildFile; fileRef = FA443D4421972ECE00297B58 /* Main.storyboard */; };
		FA443D4821972ED200297B58 /* Assets.xcassets in Resources */ = {isa = PBXBuildFile; fileRef = FA443D4721972ED200297B58 /* Assets.xcassets */; };
		FA443D4B21972ED200297B58 /* LaunchScreen.storyboard in Resources */ = {isa = PBXBuildFile; fileRef = FA443D4921972ED200297B58 /* LaunchScreen.storyboard */; };
		FA443D5821973D5900297B58 /* MusicService.swift in Sources */ = {isa = PBXBuildFile; fileRef = FA443D5721973D5900297B58 /* MusicService.swift */; };
		FA443D5A219752FB00297B58 /* ColorMessage.swift in Sources */ = {isa = PBXBuildFile; fileRef = FA443D59219752FB00297B58 /* ColorMessage.swift */; };
		FA443D5C2197535800297B58 /* BitStream.swift in Sources */ = {isa = PBXBuildFile; fileRef = FA443D5B2197535800297B58 /* BitStream.swift */; };
		FA443D5E219753AC00297B58 /* BitStreamCodable.swift in Sources */ = {isa = PBXBuildFile; fileRef = FA443D5D219753AC00297B58 /* BitStreamCodable.swift */; };
		FABD3C0C21977A36007F8BF5 /* AppDelegate.swift in Sources */ = {isa = PBXBuildFile; fileRef = FABD3C0B21977A36007F8BF5 /* AppDelegate.swift */; };
		FABD3C0E21977A36007F8BF5 /* ViewController.swift in Sources */ = {isa = PBXBuildFile; fileRef = FABD3C0D21977A36007F8BF5 /* ViewController.swift */; };
		FABD3C1121977A36007F8BF5 /* Main.storyboard in Resources */ = {isa = PBXBuildFile; fileRef = FABD3C0F21977A36007F8BF5 /* Main.storyboard */; };
		FABD3C1321977A36007F8BF5 /* Assets.xcassets in Resources */ = {isa = PBXBuildFile; fileRef = FABD3C1221977A36007F8BF5 /* Assets.xcassets */; };
		FABD3C1621977A36007F8BF5 /* LaunchScreen.storyboard in Resources */ = {isa = PBXBuildFile; fileRef = FABD3C1421977A36007F8BF5 /* LaunchScreen.storyboard */; };
		FABD3C1C21978846007F8BF5 /* InstrumentView.swift in Sources */ = {isa = PBXBuildFile; fileRef = FABD3C1B21978846007F8BF5 /* InstrumentView.swift */; };
		FABD3C1E21978D84007F8BF5 /* DrumInstrumentView.swift in Sources */ = {isa = PBXBuildFile; fileRef = FABD3C1D21978D84007F8BF5 /* DrumInstrumentView.swift */; };
		FABD3C2021978E0C007F8BF5 /* UIColor+Hex.swift in Sources */ = {isa = PBXBuildFile; fileRef = FABD3C1F21978E0C007F8BF5 /* UIColor+Hex.swift */; };
		FABD3C222197A2A4007F8BF5 /* InstrumentMessage.swift in Sources */ = {isa = PBXBuildFile; fileRef = FABD3C212197A2A4007F8BF5 /* InstrumentMessage.swift */; };
		FABD3C232197B357007F8BF5 /* MusicService.swift in Sources */ = {isa = PBXBuildFile; fileRef = FA443D5721973D5900297B58 /* MusicService.swift */; };
		FABD3C242197B361007F8BF5 /* InstrumentMessage.swift in Sources */ = {isa = PBXBuildFile; fileRef = FABD3C212197A2A4007F8BF5 /* InstrumentMessage.swift */; };
		FABD3C262197B457007F8BF5 /* DrumKit.swift in Sources */ = {isa = PBXBuildFile; fileRef = FABD3C252197B457007F8BF5 /* DrumKit.swift */; };
		FABD3C432197B576007F8BF5 /* clap_D#1.wav in Resources */ = {isa = PBXBuildFile; fileRef = FABD3C3B2197B576007F8BF5 /* clap_D#1.wav */; };
		FABD3C442197B576007F8BF5 /* hi_tom_D2.wav in Resources */ = {isa = PBXBuildFile; fileRef = FABD3C3C2197B576007F8BF5 /* hi_tom_D2.wav */; };
		FABD3C452197B576007F8BF5 /* mid_tom_B1.wav in Resources */ = {isa = PBXBuildFile; fileRef = FABD3C3D2197B576007F8BF5 /* mid_tom_B1.wav */; };
		FABD3C462197B576007F8BF5 /* closed_hi_hat_F#1.wav in Resources */ = {isa = PBXBuildFile; fileRef = FABD3C3E2197B576007F8BF5 /* closed_hi_hat_F#1.wav */; };
		FABD3C472197B576007F8BF5 /* bass_drum_C1.wav in Resources */ = {isa = PBXBuildFile; fileRef = FABD3C3F2197B576007F8BF5 /* bass_drum_C1.wav */; };
		FABD3C482197B576007F8BF5 /* lo_tom_F1.wav in Resources */ = {isa = PBXBuildFile; fileRef = FABD3C402197B576007F8BF5 /* lo_tom_F1.wav */; };
		FABD3C492197B576007F8BF5 /* open_hi_hat_A#1.wav in Resources */ = {isa = PBXBuildFile; fileRef = FABD3C412197B576007F8BF5 /* open_hi_hat_A#1.wav */; };
		FABD3C4A2197B576007F8BF5 /* snare_D1.wav in Resources */ = {isa = PBXBuildFile; fileRef = FABD3C422197B576007F8BF5 /* snare_D1.wav */; };
		FABD3C4C2197CA96007F8BF5 /* art.scnassets in Resources */ = {isa = PBXBuildFile; fileRef = FABD3C4B2197CA96007F8BF5 /* art.scnassets */; };
		FADBEA0E2197F3C1003B38F5 /* UIColor+Hex.swift in Sources */ = {isa = PBXBuildFile; fileRef = FABD3C1F21978E0C007F8BF5 /* UIColor+Hex.swift */; };
/* End PBXBuildFile section */

/* Begin PBXFileReference section */
		4CEEC61AE0EBB037B3654E03 /* Pods_Abbey_Road_Host.framework */ = {isa = PBXFileReference; explicitFileType = wrapper.framework; includeInIndex = 0; path = Pods_Abbey_Road_Host.framework; sourceTree = BUILT_PRODUCTS_DIR; };
		6392E2B5E8DA7B95CBD1B56A /* Pods_Abbey_Road.framework */ = {isa = PBXFileReference; explicitFileType = wrapper.framework; includeInIndex = 0; path = Pods_Abbey_Road.framework; sourceTree = BUILT_PRODUCTS_DIR; };
		926BBF6B880E2AD6BFED4345 /* Pods-Abbey Road.release.xcconfig */ = {isa = PBXFileReference; includeInIndex = 1; lastKnownFileType = text.xcconfig; name = "Pods-Abbey Road.release.xcconfig"; path = "Pods/Target Support Files/Pods-Abbey Road/Pods-Abbey Road.release.xcconfig"; sourceTree = "<group>"; };
		9AA9B5A2325D7A255061F12F /* Pods-Abbey Road Host.debug.xcconfig */ = {isa = PBXFileReference; includeInIndex = 1; lastKnownFileType = text.xcconfig; name = "Pods-Abbey Road Host.debug.xcconfig"; path = "Pods/Target Support Files/Pods-Abbey Road Host/Pods-Abbey Road Host.debug.xcconfig"; sourceTree = "<group>"; };
		AB929CFA64DBF039C6F5DAA1 /* Pods-Abbey Road.debug.xcconfig */ = {isa = PBXFileReference; includeInIndex = 1; lastKnownFileType = text.xcconfig; name = "Pods-Abbey Road.debug.xcconfig"; path = "Pods/Target Support Files/Pods-Abbey Road/Pods-Abbey Road.debug.xcconfig"; sourceTree = "<group>"; };
		B1831574AB1A90E25A295619 /* Pods-Abbey Road Host.release.xcconfig */ = {isa = PBXFileReference; includeInIndex = 1; lastKnownFileType = text.xcconfig; name = "Pods-Abbey Road Host.release.xcconfig"; path = "Pods/Target Support Files/Pods-Abbey Road Host/Pods-Abbey Road Host.release.xcconfig"; sourceTree = "<group>"; };
		FA443D3B21972ECE00297B58 /* Abbey Road.app */ = {isa = PBXFileReference; explicitFileType = wrapper.application; includeInIndex = 0; path = "Abbey Road.app"; sourceTree = BUILT_PRODUCTS_DIR; };
		FA443D3E21972ECE00297B58 /* AppDelegate.swift */ = {isa = PBXFileReference; lastKnownFileType = sourcecode.swift; path = AppDelegate.swift; sourceTree = "<group>"; };
		FA443D4021972ECE00297B58 /* art.scnassets */ = {isa = PBXFileReference; lastKnownFileType = wrapper.scnassets; path = art.scnassets; sourceTree = "<group>"; };
		FA443D4221972ECE00297B58 /* ViewController.swift */ = {isa = PBXFileReference; lastKnownFileType = sourcecode.swift; path = ViewController.swift; sourceTree = "<group>"; };
		FA443D4521972ECE00297B58 /* Base */ = {isa = PBXFileReference; lastKnownFileType = file.storyboard; name = Base; path = Base.lproj/Main.storyboard; sourceTree = "<group>"; };
		FA443D4721972ED200297B58 /* Assets.xcassets */ = {isa = PBXFileReference; lastKnownFileType = folder.assetcatalog; path = Assets.xcassets; sourceTree = "<group>"; };
		FA443D4A21972ED200297B58 /* Base */ = {isa = PBXFileReference; lastKnownFileType = file.storyboard; name = Base; path = Base.lproj/LaunchScreen.storyboard; sourceTree = "<group>"; };
		FA443D4C21972ED200297B58 /* Info.plist */ = {isa = PBXFileReference; lastKnownFileType = text.plist.xml; path = Info.plist; sourceTree = "<group>"; };
		FA443D5721973D5900297B58 /* MusicService.swift */ = {isa = PBXFileReference; lastKnownFileType = sourcecode.swift; path = MusicService.swift; sourceTree = "<group>"; };
		FA443D59219752FB00297B58 /* ColorMessage.swift */ = {isa = PBXFileReference; lastKnownFileType = sourcecode.swift; path = ColorMessage.swift; sourceTree = "<group>"; };
		FA443D5B2197535800297B58 /* BitStream.swift */ = {isa = PBXFileReference; lastKnownFileType = sourcecode.swift; path = BitStream.swift; sourceTree = "<group>"; };
		FA443D5D219753AC00297B58 /* BitStreamCodable.swift */ = {isa = PBXFileReference; lastKnownFileType = sourcecode.swift; path = BitStreamCodable.swift; sourceTree = "<group>"; };
		FABD3C0921977A36007F8BF5 /* Abbey Road Host.app */ = {isa = PBXFileReference; explicitFileType = wrapper.application; includeInIndex = 0; path = "Abbey Road Host.app"; sourceTree = BUILT_PRODUCTS_DIR; };
		FABD3C0B21977A36007F8BF5 /* AppDelegate.swift */ = {isa = PBXFileReference; lastKnownFileType = sourcecode.swift; path = AppDelegate.swift; sourceTree = "<group>"; };
		FABD3C0D21977A36007F8BF5 /* ViewController.swift */ = {isa = PBXFileReference; lastKnownFileType = sourcecode.swift; path = ViewController.swift; sourceTree = "<group>"; };
		FABD3C1021977A36007F8BF5 /* Base */ = {isa = PBXFileReference; lastKnownFileType = file.storyboard; name = Base; path = Base.lproj/Main.storyboard; sourceTree = "<group>"; };
		FABD3C1221977A36007F8BF5 /* Assets.xcassets */ = {isa = PBXFileReference; lastKnownFileType = folder.assetcatalog; path = Assets.xcassets; sourceTree = "<group>"; };
		FABD3C1521977A36007F8BF5 /* Base */ = {isa = PBXFileReference; lastKnownFileType = file.storyboard; name = Base; path = Base.lproj/LaunchScreen.storyboard; sourceTree = "<group>"; };
		FABD3C1721977A36007F8BF5 /* Info.plist */ = {isa = PBXFileReference; lastKnownFileType = text.plist.xml; path = Info.plist; sourceTree = "<group>"; };
		FABD3C1B21978846007F8BF5 /* InstrumentView.swift */ = {isa = PBXFileReference; lastKnownFileType = sourcecode.swift; path = InstrumentView.swift; sourceTree = "<group>"; };
		FABD3C1D21978D84007F8BF5 /* DrumInstrumentView.swift */ = {isa = PBXFileReference; lastKnownFileType = sourcecode.swift; path = DrumInstrumentView.swift; sourceTree = "<group>"; };
		FABD3C1F21978E0C007F8BF5 /* UIColor+Hex.swift */ = {isa = PBXFileReference; lastKnownFileType = sourcecode.swift; path = "UIColor+Hex.swift"; sourceTree = "<group>"; };
		FABD3C212197A2A4007F8BF5 /* InstrumentMessage.swift */ = {isa = PBXFileReference; lastKnownFileType = sourcecode.swift; path = InstrumentMessage.swift; sourceTree = "<group>"; };
		FABD3C252197B457007F8BF5 /* DrumKit.swift */ = {isa = PBXFileReference; fileEncoding = 4; lastKnownFileType = sourcecode.swift; path = DrumKit.swift; sourceTree = "<group>"; };
		FABD3C3B2197B576007F8BF5 /* clap_D#1.wav */ = {isa = PBXFileReference; lastKnownFileType = audio.wav; path = "clap_D#1.wav"; sourceTree = "<group>"; };
		FABD3C3C2197B576007F8BF5 /* hi_tom_D2.wav */ = {isa = PBXFileReference; lastKnownFileType = audio.wav; path = hi_tom_D2.wav; sourceTree = "<group>"; };
		FABD3C3D2197B576007F8BF5 /* mid_tom_B1.wav */ = {isa = PBXFileReference; lastKnownFileType = audio.wav; path = mid_tom_B1.wav; sourceTree = "<group>"; };
		FABD3C3E2197B576007F8BF5 /* closed_hi_hat_F#1.wav */ = {isa = PBXFileReference; lastKnownFileType = audio.wav; path = "closed_hi_hat_F#1.wav"; sourceTree = "<group>"; };
		FABD3C3F2197B576007F8BF5 /* bass_drum_C1.wav */ = {isa = PBXFileReference; lastKnownFileType = audio.wav; path = bass_drum_C1.wav; sourceTree = "<group>"; };
		FABD3C402197B576007F8BF5 /* lo_tom_F1.wav */ = {isa = PBXFileReference; lastKnownFileType = audio.wav; path = lo_tom_F1.wav; sourceTree = "<group>"; };
		FABD3C412197B576007F8BF5 /* open_hi_hat_A#1.wav */ = {isa = PBXFileReference; lastKnownFileType = audio.wav; path = "open_hi_hat_A#1.wav"; sourceTree = "<group>"; };
		FABD3C422197B576007F8BF5 /* snare_D1.wav */ = {isa = PBXFileReference; lastKnownFileType = audio.wav; path = snare_D1.wav; sourceTree = "<group>"; };
		FABD3C4B2197CA96007F8BF5 /* art.scnassets */ = {isa = PBXFileReference; lastKnownFileType = wrapper.scnassets; path = art.scnassets; sourceTree = "<group>"; };
/* End PBXFileReference section */

/* Begin PBXFrameworksBuildPhase section */
		FA443D3821972ECE00297B58 /* Frameworks */ = {
			isa = PBXFrameworksBuildPhase;
			buildActionMask = 2147483647;
			files = (
				2885E092FA93704755902488 /* Pods_Abbey_Road.framework in Frameworks */,
			);
			runOnlyForDeploymentPostprocessing = 0;
		};
		FABD3C0621977A36007F8BF5 /* Frameworks */ = {
			isa = PBXFrameworksBuildPhase;
			buildActionMask = 2147483647;
			files = (
				F8A0CB6431FE6F174A3A6ED7 /* Pods_Abbey_Road_Host.framework in Frameworks */,
			);
			runOnlyForDeploymentPostprocessing = 0;
		};
/* End PBXFrameworksBuildPhase section */

/* Begin PBXGroup section */
		94861023B3DB87C49FFA5305 /* Pods */ = {
			isa = PBXGroup;
			children = (
				AB929CFA64DBF039C6F5DAA1 /* Pods-Abbey Road.debug.xcconfig */,
				926BBF6B880E2AD6BFED4345 /* Pods-Abbey Road.release.xcconfig */,
				9AA9B5A2325D7A255061F12F /* Pods-Abbey Road Host.debug.xcconfig */,
				B1831574AB1A90E25A295619 /* Pods-Abbey Road Host.release.xcconfig */,
			);
			name = Pods;
			sourceTree = "<group>";
		};
		98809D9D0F669A861A209275 /* Frameworks */ = {
			isa = PBXGroup;
			children = (
				6392E2B5E8DA7B95CBD1B56A /* Pods_Abbey_Road.framework */,
				4CEEC61AE0EBB037B3654E03 /* Pods_Abbey_Road_Host.framework */,
			);
			name = Frameworks;
			sourceTree = "<group>";
		};
		FA443D3221972ECE00297B58 = {
			isa = PBXGroup;
			children = (
				FA443D3D21972ECE00297B58 /* Abbey Road */,
				FABD3C0A21977A36007F8BF5 /* Abbey Road Host */,
				FA443D3C21972ECE00297B58 /* Products */,
				94861023B3DB87C49FFA5305 /* Pods */,
				98809D9D0F669A861A209275 /* Frameworks */,
			);
			sourceTree = "<group>";
		};
		FA443D3C21972ECE00297B58 /* Products */ = {
			isa = PBXGroup;
			children = (
				FA443D3B21972ECE00297B58 /* Abbey Road.app */,
				FABD3C0921977A36007F8BF5 /* Abbey Road Host.app */,
			);
			name = Products;
			sourceTree = "<group>";
		};
		FA443D3D21972ECE00297B58 /* Abbey Road */ = {
			isa = PBXGroup;
			children = (
				FA443D522197326F00297B58 /* Networking */,
				FA443D3E21972ECE00297B58 /* AppDelegate.swift */,
				FA443D4021972ECE00297B58 /* art.scnassets */,
				FA443D4221972ECE00297B58 /* ViewController.swift */,
				FA443D4421972ECE00297B58 /* Main.storyboard */,
				FA443D4721972ED200297B58 /* Assets.xcassets */,
				FA443D4921972ED200297B58 /* LaunchScreen.storyboard */,
				FA443D4C21972ED200297B58 /* Info.plist */,
				FABD3C1B21978846007F8BF5 /* InstrumentView.swift */,
				FABD3C1D21978D84007F8BF5 /* DrumInstrumentView.swift */,
				FABD3C1F21978E0C007F8BF5 /* UIColor+Hex.swift */,
			);
			path = "Abbey Road";
			sourceTree = "<group>";
		};
		FA443D522197326F00297B58 /* Networking */ = {
			isa = PBXGroup;
			children = (
				FA443D5721973D5900297B58 /* MusicService.swift */,
				FA443D59219752FB00297B58 /* ColorMessage.swift */,
				FA443D5B2197535800297B58 /* BitStream.swift */,
				FA443D5D219753AC00297B58 /* BitStreamCodable.swift */,
				FABD3C212197A2A4007F8BF5 /* InstrumentMessage.swift */,
			);
			path = Networking;
			sourceTree = "<group>";
		};
		FABD3C0A21977A36007F8BF5 /* Abbey Road Host */ = {
			isa = PBXGroup;
			children = (
				FABD3C0B21977A36007F8BF5 /* AppDelegate.swift */,
				FABD3C252197B457007F8BF5 /* DrumKit.swift */,
				FABD3C0D21977A36007F8BF5 /* ViewController.swift */,
				FABD3C4B2197CA96007F8BF5 /* art.scnassets */,
				FABD3C0F21977A36007F8BF5 /* Main.storyboard */,
				FABD3C3A2197B576007F8BF5 /* Sounds */,
				FABD3C1221977A36007F8BF5 /* Assets.xcassets */,
				FABD3C1421977A36007F8BF5 /* LaunchScreen.storyboard */,
				FABD3C1721977A36007F8BF5 /* Info.plist */,
			);
			path = "Abbey Road Host";
			sourceTree = "<group>";
		};
		FABD3C3A2197B576007F8BF5 /* Sounds */ = {
			isa = PBXGroup;
			children = (
				FABD3C3B2197B576007F8BF5 /* clap_D#1.wav */,
				FABD3C3C2197B576007F8BF5 /* hi_tom_D2.wav */,
				FABD3C3D2197B576007F8BF5 /* mid_tom_B1.wav */,
				FABD3C3E2197B576007F8BF5 /* closed_hi_hat_F#1.wav */,
				FABD3C3F2197B576007F8BF5 /* bass_drum_C1.wav */,
				FABD3C402197B576007F8BF5 /* lo_tom_F1.wav */,
				FABD3C412197B576007F8BF5 /* open_hi_hat_A#1.wav */,
				FABD3C422197B576007F8BF5 /* snare_D1.wav */,
			);
			path = Sounds;
			sourceTree = "<group>";
		};
/* End PBXGroup section */

/* Begin PBXNativeTarget section */
		FA443D3A21972ECE00297B58 /* Abbey Road */ = {
			isa = PBXNativeTarget;
			buildConfigurationList = FA443D4F21972ED200297B58 /* Build configuration list for PBXNativeTarget "Abbey Road" */;
			buildPhases = (
				AB62C174385BFA73702AE790 /* [CP] Check Pods Manifest.lock */,
				FA443D3721972ECE00297B58 /* Sources */,
				FA443D3821972ECE00297B58 /* Frameworks */,
				FA443D3921972ECE00297B58 /* Resources */,
				4A3145F3865C782231CD9846 /* [CP] Embed Pods Frameworks */,
			);
			buildRules = (
			);
			dependencies = (
			);
			name = "Abbey Road";
			productName = "Abbey Road";
			productReference = FA443D3B21972ECE00297B58 /* Abbey Road.app */;
			productType = "com.apple.product-type.application";
		};
		FABD3C0821977A36007F8BF5 /* Abbey Road Host */ = {
			isa = PBXNativeTarget;
			buildConfigurationList = FABD3C1A21977A36007F8BF5 /* Build configuration list for PBXNativeTarget "Abbey Road Host" */;
			buildPhases = (
				607B2D8753356F743D811C1D /* [CP] Check Pods Manifest.lock */,
				FABD3C0521977A36007F8BF5 /* Sources */,
				FABD3C0621977A36007F8BF5 /* Frameworks */,
				FABD3C0721977A36007F8BF5 /* Resources */,
			);
			buildRules = (
			);
			dependencies = (
			);
			name = "Abbey Road Host";
			productName = "Abbey Road Host";
			productReference = FABD3C0921977A36007F8BF5 /* Abbey Road Host.app */;
			productType = "com.apple.product-type.application";
		};
/* End PBXNativeTarget section */

/* Begin PBXProject section */
		FA443D3321972ECE00297B58 /* Project object */ = {
			isa = PBXProject;
			attributes = {
				LastSwiftUpdateCheck = 1010;
				LastUpgradeCheck = 1010;
				ORGANIZATIONNAME = Nightshade;
				TargetAttributes = {
					FA443D3A21972ECE00297B58 = {
						CreatedOnToolsVersion = 10.1;
					};
					FABD3C0821977A36007F8BF5 = {
						CreatedOnToolsVersion = 10.1;
					};
				};
			};
			buildConfigurationList = FA443D3621972ECE00297B58 /* Build configuration list for PBXProject "Abbey Road" */;
			compatibilityVersion = "Xcode 9.3";
			developmentRegion = en;
			hasScannedForEncodings = 0;
			knownRegions = (
				en,
				Base,
			);
			mainGroup = FA443D3221972ECE00297B58;
			productRefGroup = FA443D3C21972ECE00297B58 /* Products */;
			projectDirPath = "";
			projectRoot = "";
			targets = (
				FA443D3A21972ECE00297B58 /* Abbey Road */,
				FABD3C0821977A36007F8BF5 /* Abbey Road Host */,
			);
		};
/* End PBXProject section */

/* Begin PBXResourcesBuildPhase section */
		FA443D3921972ECE00297B58 /* Resources */ = {
			isa = PBXResourcesBuildPhase;
			buildActionMask = 2147483647;
			files = (
				FA443D4121972ECE00297B58 /* art.scnassets in Resources */,
				FA443D4B21972ED200297B58 /* LaunchScreen.storyboard in Resources */,
				FA443D4821972ED200297B58 /* Assets.xcassets in Resources */,
				FA443D4621972ECE00297B58 /* Main.storyboard in Resources */,
			);
			runOnlyForDeploymentPostprocessing = 0;
		};
		FABD3C0721977A36007F8BF5 /* Resources */ = {
			isa = PBXResourcesBuildPhase;
			buildActionMask = 2147483647;
			files = (
				FABD3C1621977A36007F8BF5 /* LaunchScreen.storyboard in Resources */,
				FABD3C4C2197CA96007F8BF5 /* art.scnassets in Resources */,
				FABD3C482197B576007F8BF5 /* lo_tom_F1.wav in Resources */,
				FABD3C1321977A36007F8BF5 /* Assets.xcassets in Resources */,
				FABD3C492197B576007F8BF5 /* open_hi_hat_A#1.wav in Resources */,
				FABD3C1121977A36007F8BF5 /* Main.storyboard in Resources */,
				FABD3C432197B576007F8BF5 /* clap_D#1.wav in Resources */,
				FABD3C442197B576007F8BF5 /* hi_tom_D2.wav in Resources */,
				FABD3C462197B576007F8BF5 /* closed_hi_hat_F#1.wav in Resources */,
				FABD3C452197B576007F8BF5 /* mid_tom_B1.wav in Resources */,
				FABD3C4A2197B576007F8BF5 /* snare_D1.wav in Resources */,
				FABD3C472197B576007F8BF5 /* bass_drum_C1.wav in Resources */,
			);
			runOnlyForDeploymentPostprocessing = 0;
		};
/* End PBXResourcesBuildPhase section */

/* Begin PBXShellScriptBuildPhase section */
		4A3145F3865C782231CD9846 /* [CP] Embed Pods Frameworks */ = {
			isa = PBXShellScriptBuildPhase;
			buildActionMask = 2147483647;
			files = (
			);
			inputPaths = (
				"${SRCROOT}/Pods/Target Support Files/Pods-Abbey Road/Pods-Abbey Road-frameworks.sh",
				"${BUILT_PRODUCTS_DIR}/PureLayout/PureLayout.framework",
			);
			name = "[CP] Embed Pods Frameworks";
			outputPaths = (
				"${TARGET_BUILD_DIR}/${FRAMEWORKS_FOLDER_PATH}/PureLayout.framework",
			);
			runOnlyForDeploymentPostprocessing = 0;
			shellPath = /bin/sh;
			shellScript = "\"${SRCROOT}/Pods/Target Support Files/Pods-Abbey Road/Pods-Abbey Road-frameworks.sh\"\n";
			showEnvVarsInLog = 0;
		};
		607B2D8753356F743D811C1D /* [CP] Check Pods Manifest.lock */ = {
			isa = PBXShellScriptBuildPhase;
			buildActionMask = 2147483647;
			files = (
			);
			inputPaths = (
				"${PODS_PODFILE_DIR_PATH}/Podfile.lock",
				"${PODS_ROOT}/Manifest.lock",
			);
			name = "[CP] Check Pods Manifest.lock";
			outputPaths = (
				"$(DERIVED_FILE_DIR)/Pods-Abbey Road Host-checkManifestLockResult.txt",
			);
			runOnlyForDeploymentPostprocessing = 0;
			shellPath = /bin/sh;
			shellScript = "diff \"${PODS_PODFILE_DIR_PATH}/Podfile.lock\" \"${PODS_ROOT}/Manifest.lock\" > /dev/null\nif [ $? != 0 ] ; then\n    # print error to STDERR\n    echo \"error: The sandbox is not in sync with the Podfile.lock. Run 'pod install' or update your CocoaPods installation.\" >&2\n    exit 1\nfi\n# This output is used by Xcode 'outputs' to avoid re-running this script phase.\necho \"SUCCESS\" > \"${SCRIPT_OUTPUT_FILE_0}\"\n";
			showEnvVarsInLog = 0;
		};
		AB62C174385BFA73702AE790 /* [CP] Check Pods Manifest.lock */ = {
			isa = PBXShellScriptBuildPhase;
			buildActionMask = 2147483647;
			files = (
			);
			inputPaths = (
				"${PODS_PODFILE_DIR_PATH}/Podfile.lock",
				"${PODS_ROOT}/Manifest.lock",
			);
			name = "[CP] Check Pods Manifest.lock";
			outputPaths = (
				"$(DERIVED_FILE_DIR)/Pods-Abbey Road-checkManifestLockResult.txt",
			);
			runOnlyForDeploymentPostprocessing = 0;
			shellPath = /bin/sh;
			shellScript = "diff \"${PODS_PODFILE_DIR_PATH}/Podfile.lock\" \"${PODS_ROOT}/Manifest.lock\" > /dev/null\nif [ $? != 0 ] ; then\n    # print error to STDERR\n    echo \"error: The sandbox is not in sync with the Podfile.lock. Run 'pod install' or update your CocoaPods installation.\" >&2\n    exit 1\nfi\n# This output is used by Xcode 'outputs' to avoid re-running this script phase.\necho \"SUCCESS\" > \"${SCRIPT_OUTPUT_FILE_0}\"\n";
			showEnvVarsInLog = 0;
		};
/* End PBXShellScriptBuildPhase section */

/* Begin PBXSourcesBuildPhase section */
		FA443D3721972ECE00297B58 /* Sources */ = {
			isa = PBXSourcesBuildPhase;
			buildActionMask = 2147483647;
			files = (
				FABD3C1C21978846007F8BF5 /* InstrumentView.swift in Sources */,
				FA443D4321972ECE00297B58 /* ViewController.swift in Sources */,
				FA443D5A219752FB00297B58 /* ColorMessage.swift in Sources */,
				FABD3C2021978E0C007F8BF5 /* UIColor+Hex.swift in Sources */,
				FA443D5C2197535800297B58 /* BitStream.swift in Sources */,
				FA443D3F21972ECE00297B58 /* AppDelegate.swift in Sources */,
				FA443D5E219753AC00297B58 /* BitStreamCodable.swift in Sources */,
				FA443D5821973D5900297B58 /* MusicService.swift in Sources */,
				FABD3C222197A2A4007F8BF5 /* InstrumentMessage.swift in Sources */,
				FABD3C1E21978D84007F8BF5 /* DrumInstrumentView.swift in Sources */,
			);
			runOnlyForDeploymentPostprocessing = 0;
		};
		FABD3C0521977A36007F8BF5 /* Sources */ = {
			isa = PBXSourcesBuildPhase;
			buildActionMask = 2147483647;
			files = (
				FABD3C242197B361007F8BF5 /* InstrumentMessage.swift in Sources */,
				FABD3C0E21977A36007F8BF5 /* ViewController.swift in Sources */,
				FABD3C232197B357007F8BF5 /* MusicService.swift in Sources */,
				FADBEA0E2197F3C1003B38F5 /* UIColor+Hex.swift in Sources */,
				FABD3C262197B457007F8BF5 /* DrumKit.swift in Sources */,
				FABD3C0C21977A36007F8BF5 /* AppDelegate.swift in Sources */,
			);
			runOnlyForDeploymentPostprocessing = 0;
		};
/* End PBXSourcesBuildPhase section */

/* Begin PBXVariantGroup section */
		FA443D4421972ECE00297B58 /* Main.storyboard */ = {
			isa = PBXVariantGroup;
			children = (
				FA443D4521972ECE00297B58 /* Base */,
			);
			name = Main.storyboard;
			sourceTree = "<group>";
		};
		FA443D4921972ED200297B58 /* LaunchScreen.storyboard */ = {
			isa = PBXVariantGroup;
			children = (
				FA443D4A21972ED200297B58 /* Base */,
			);
			name = LaunchScreen.storyboard;
			sourceTree = "<group>";
		};
		FABD3C0F21977A36007F8BF5 /* Main.storyboard */ = {
			isa = PBXVariantGroup;
			children = (
				FABD3C1021977A36007F8BF5 /* Base */,
			);
			name = Main.storyboard;
			sourceTree = "<group>";
		};
		FABD3C1421977A36007F8BF5 /* LaunchScreen.storyboard */ = {
			isa = PBXVariantGroup;
			children = (
				FABD3C1521977A36007F8BF5 /* Base */,
			);
			name = LaunchScreen.storyboard;
			sourceTree = "<group>";
		};
/* End PBXVariantGroup section */

/* Begin XCBuildConfiguration section */
		FA443D4D21972ED200297B58 /* Debug */ = {
			isa = XCBuildConfiguration;
			buildSettings = {
				ALWAYS_SEARCH_USER_PATHS = NO;
				CLANG_ANALYZER_NONNULL = YES;
				CLANG_ANALYZER_NUMBER_OBJECT_CONVERSION = YES_AGGRESSIVE;
				CLANG_CXX_LANGUAGE_STANDARD = "gnu++14";
				CLANG_CXX_LIBRARY = "libc++";
				CLANG_ENABLE_MODULES = YES;
				CLANG_ENABLE_OBJC_ARC = YES;
				CLANG_ENABLE_OBJC_WEAK = YES;
				CLANG_WARN_BLOCK_CAPTURE_AUTORELEASING = YES;
				CLANG_WARN_BOOL_CONVERSION = YES;
				CLANG_WARN_COMMA = YES;
				CLANG_WARN_CONSTANT_CONVERSION = YES;
				CLANG_WARN_DEPRECATED_OBJC_IMPLEMENTATIONS = YES;
				CLANG_WARN_DIRECT_OBJC_ISA_USAGE = YES_ERROR;
				CLANG_WARN_DOCUMENTATION_COMMENTS = YES;
				CLANG_WARN_EMPTY_BODY = YES;
				CLANG_WARN_ENUM_CONVERSION = YES;
				CLANG_WARN_INFINITE_RECURSION = YES;
				CLANG_WARN_INT_CONVERSION = YES;
				CLANG_WARN_NON_LITERAL_NULL_CONVERSION = YES;
				CLANG_WARN_OBJC_IMPLICIT_RETAIN_SELF = YES;
				CLANG_WARN_OBJC_LITERAL_CONVERSION = YES;
				CLANG_WARN_OBJC_ROOT_CLASS = YES_ERROR;
				CLANG_WARN_RANGE_LOOP_ANALYSIS = YES;
				CLANG_WARN_STRICT_PROTOTYPES = YES;
				CLANG_WARN_SUSPICIOUS_MOVE = YES;
				CLANG_WARN_UNGUARDED_AVAILABILITY = YES_AGGRESSIVE;
				CLANG_WARN_UNREACHABLE_CODE = YES;
				CLANG_WARN__DUPLICATE_METHOD_MATCH = YES;
				CODE_SIGN_IDENTITY = "iPhone Developer";
				COPY_PHASE_STRIP = NO;
				DEBUG_INFORMATION_FORMAT = dwarf;
				ENABLE_STRICT_OBJC_MSGSEND = YES;
				ENABLE_TESTABILITY = YES;
				GCC_C_LANGUAGE_STANDARD = gnu11;
				GCC_DYNAMIC_NO_PIC = NO;
				GCC_NO_COMMON_BLOCKS = YES;
				GCC_OPTIMIZATION_LEVEL = 0;
				GCC_PREPROCESSOR_DEFINITIONS = (
					"DEBUG=1",
					"$(inherited)",
				);
				GCC_WARN_64_TO_32_BIT_CONVERSION = YES;
				GCC_WARN_ABOUT_RETURN_TYPE = YES_ERROR;
				GCC_WARN_UNDECLARED_SELECTOR = YES;
				GCC_WARN_UNINITIALIZED_AUTOS = YES_AGGRESSIVE;
				GCC_WARN_UNUSED_FUNCTION = YES;
				GCC_WARN_UNUSED_VARIABLE = YES;
				IPHONEOS_DEPLOYMENT_TARGET = 12.1;
				MTL_ENABLE_DEBUG_INFO = INCLUDE_SOURCE;
				MTL_FAST_MATH = YES;
				ONLY_ACTIVE_ARCH = YES;
				SDKROOT = iphoneos;
				SWIFT_ACTIVE_COMPILATION_CONDITIONS = DEBUG;
				SWIFT_OPTIMIZATION_LEVEL = "-Onone";
			};
			name = Debug;
		};
		FA443D4E21972ED200297B58 /* Release */ = {
			isa = XCBuildConfiguration;
			buildSettings = {
				ALWAYS_SEARCH_USER_PATHS = NO;
				CLANG_ANALYZER_NONNULL = YES;
				CLANG_ANALYZER_NUMBER_OBJECT_CONVERSION = YES_AGGRESSIVE;
				CLANG_CXX_LANGUAGE_STANDARD = "gnu++14";
				CLANG_CXX_LIBRARY = "libc++";
				CLANG_ENABLE_MODULES = YES;
				CLANG_ENABLE_OBJC_ARC = YES;
				CLANG_ENABLE_OBJC_WEAK = YES;
				CLANG_WARN_BLOCK_CAPTURE_AUTORELEASING = YES;
				CLANG_WARN_BOOL_CONVERSION = YES;
				CLANG_WARN_COMMA = YES;
				CLANG_WARN_CONSTANT_CONVERSION = YES;
				CLANG_WARN_DEPRECATED_OBJC_IMPLEMENTATIONS = YES;
				CLANG_WARN_DIRECT_OBJC_ISA_USAGE = YES_ERROR;
				CLANG_WARN_DOCUMENTATION_COMMENTS = YES;
				CLANG_WARN_EMPTY_BODY = YES;
				CLANG_WARN_ENUM_CONVERSION = YES;
				CLANG_WARN_INFINITE_RECURSION = YES;
				CLANG_WARN_INT_CONVERSION = YES;
				CLANG_WARN_NON_LITERAL_NULL_CONVERSION = YES;
				CLANG_WARN_OBJC_IMPLICIT_RETAIN_SELF = YES;
				CLANG_WARN_OBJC_LITERAL_CONVERSION = YES;
				CLANG_WARN_OBJC_ROOT_CLASS = YES_ERROR;
				CLANG_WARN_RANGE_LOOP_ANALYSIS = YES;
				CLANG_WARN_STRICT_PROTOTYPES = YES;
				CLANG_WARN_SUSPICIOUS_MOVE = YES;
				CLANG_WARN_UNGUARDED_AVAILABILITY = YES_AGGRESSIVE;
				CLANG_WARN_UNREACHABLE_CODE = YES;
				CLANG_WARN__DUPLICATE_METHOD_MATCH = YES;
				CODE_SIGN_IDENTITY = "iPhone Developer";
				COPY_PHASE_STRIP = NO;
				DEBUG_INFORMATION_FORMAT = "dwarf-with-dsym";
				ENABLE_NS_ASSERTIONS = NO;
				ENABLE_STRICT_OBJC_MSGSEND = YES;
				GCC_C_LANGUAGE_STANDARD = gnu11;
				GCC_NO_COMMON_BLOCKS = YES;
				GCC_WARN_64_TO_32_BIT_CONVERSION = YES;
				GCC_WARN_ABOUT_RETURN_TYPE = YES_ERROR;
				GCC_WARN_UNDECLARED_SELECTOR = YES;
				GCC_WARN_UNINITIALIZED_AUTOS = YES_AGGRESSIVE;
				GCC_WARN_UNUSED_FUNCTION = YES;
				GCC_WARN_UNUSED_VARIABLE = YES;
				IPHONEOS_DEPLOYMENT_TARGET = 12.1;
				MTL_ENABLE_DEBUG_INFO = NO;
				MTL_FAST_MATH = YES;
				SDKROOT = iphoneos;
				SWIFT_COMPILATION_MODE = wholemodule;
				SWIFT_OPTIMIZATION_LEVEL = "-O";
				VALIDATE_PRODUCT = YES;
			};
			name = Release;
		};
		FA443D5021972ED200297B58 /* Debug */ = {
			isa = XCBuildConfiguration;
			baseConfigurationReference = AB929CFA64DBF039C6F5DAA1 /* Pods-Abbey Road.debug.xcconfig */;
			buildSettings = {
				ASSETCATALOG_COMPILER_APPICON_NAME = AppIcon;
				CODE_SIGN_STYLE = Automatic;
				DEVELOPMENT_TEAM = AEX8D6Z45H;
				INFOPLIST_FILE = "Abbey Road/Info.plist";
				IPHONEOS_DEPLOYMENT_TARGET = 12.0;
				LD_RUNPATH_SEARCH_PATHS = (
					"$(inherited)",
					"@executable_path/Frameworks",
				);
				PRODUCT_BUNDLE_IDENTIFIER = "com.nightshade.Abbey-Road";
				PRODUCT_NAME = "$(TARGET_NAME)";
				SWIFT_VERSION = 4.2;
				TARGETED_DEVICE_FAMILY = "1,2";
			};
			name = Debug;
		};
		FA443D5121972ED200297B58 /* Release */ = {
			isa = XCBuildConfiguration;
			baseConfigurationReference = 926BBF6B880E2AD6BFED4345 /* Pods-Abbey Road.release.xcconfig */;
			buildSettings = {
				ASSETCATALOG_COMPILER_APPICON_NAME = AppIcon;
				CODE_SIGN_STYLE = Automatic;
				DEVELOPMENT_TEAM = AEX8D6Z45H;
				INFOPLIST_FILE = "Abbey Road/Info.plist";
				IPHONEOS_DEPLOYMENT_TARGET = 12.0;
				LD_RUNPATH_SEARCH_PATHS = (
					"$(inherited)",
					"@executable_path/Frameworks",
				);
				PRODUCT_BUNDLE_IDENTIFIER = "com.nightshade.Abbey-Road";
				PRODUCT_NAME = "$(TARGET_NAME)";
				SWIFT_VERSION = 4.2;
				TARGETED_DEVICE_FAMILY = "1,2";
			};
			name = Release;
		};
		FABD3C1821977A36007F8BF5 /* Debug */ = {
			isa = XCBuildConfiguration;
			baseConfigurationReference = 9AA9B5A2325D7A255061F12F /* Pods-Abbey Road Host.debug.xcconfig */;
			buildSettings = {
				ASSETCATALOG_COMPILER_APPICON_NAME = AppIcon;
				CODE_SIGN_STYLE = Automatic;
				DEVELOPMENT_TEAM = AEX8D6Z45H;
				INFOPLIST_FILE = "Abbey Road Host/Info.plist";
				IPHONEOS_DEPLOYMENT_TARGET = 11.3;
				LD_RUNPATH_SEARCH_PATHS = (
					"$(inherited)",
					"@executable_path/Frameworks",
				);
				PRODUCT_BUNDLE_IDENTIFIER = "com.nightshade.Abbey-Road-Host";
				PRODUCT_NAME = "$(TARGET_NAME)";
				SWIFT_VERSION = 4.2;
				TARGETED_DEVICE_FAMILY = "1,2";
			};
			name = Debug;
		};
		FABD3C1921977A36007F8BF5 /* Release */ = {
			isa = XCBuildConfiguration;
			baseConfigurationReference = B1831574AB1A90E25A295619 /* Pods-Abbey Road Host.release.xcconfig */;
			buildSettings = {
				ASSETCATALOG_COMPILER_APPICON_NAME = AppIcon;
				CODE_SIGN_STYLE = Automatic;
				DEVELOPMENT_TEAM = AEX8D6Z45H;
				INFOPLIST_FILE = "Abbey Road Host/Info.plist";
				IPHONEOS_DEPLOYMENT_TARGET = 11.3;
				LD_RUNPATH_SEARCH_PATHS = (
					"$(inherited)",
					"@executable_path/Frameworks",
				);
				PRODUCT_BUNDLE_IDENTIFIER = "com.nightshade.Abbey-Road-Host";
				PRODUCT_NAME = "$(TARGET_NAME)";
				SWIFT_VERSION = 4.2;
				TARGETED_DEVICE_FAMILY = "1,2";
			};
			name = Release;
		};
/* End XCBuildConfiguration section */

/* Begin XCConfigurationList section */
		FA443D3621972ECE00297B58 /* Build configuration list for PBXProject "Abbey Road" */ = {
			isa = XCConfigurationList;
			buildConfigurations = (
				FA443D4D21972ED200297B58 /* Debug */,
				FA443D4E21972ED200297B58 /* Release */,
			);
			defaultConfigurationIsVisible = 0;
			defaultConfigurationName = Release;
		};
		FA443D4F21972ED200297B58 /* Build configuration list for PBXNativeTarget "Abbey Road" */ = {
			isa = XCConfigurationList;
			buildConfigurations = (
				FA443D5021972ED200297B58 /* Debug */,
				FA443D5121972ED200297B58 /* Release */,
			);
			defaultConfigurationIsVisible = 0;
			defaultConfigurationName = Release;
		};
		FABD3C1A21977A36007F8BF5 /* Build configuration list for PBXNativeTarget "Abbey Road Host" */ = {
			isa = XCConfigurationList;
			buildConfigurations = (
				FABD3C1821977A36007F8BF5 /* Debug */,
				FABD3C1921977A36007F8BF5 /* Release */,
			);
			defaultConfigurationIsVisible = 0;
			defaultConfigurationName = Release;
		};
/* End XCConfigurationList section */
	};
	rootObject = FA443D3321972ECE00297B58 /* Project object */;
}
